
Microsoft Visual Studio Solution File, Format Version 12.00
# Visual Studio Version 17
VisualStudioVersion = 17.9.34723.18
MinimumVisualStudioVersion = 10.0.40219.1
Project("{FAE04EC0-301F-11D3-BF4B-00C04F79EFBC}") = "StudentManagementSystem-EF-core", "StudentManagementSystem-EF-core\StudentManagementSystem-EF-core.csproj", "{8B05029E-18E2-4381-B330-B49A2CD30C66}"
EndProject
Global
	GlobalSection(SolutionConfigurationPlatforms) = preSolution
		Debug|Any CPU = Debug|Any CPU
		Release|Any CPU = Release|Any CPU
	EndGlobalSection
	GlobalSection(ProjectConfigurationPlatforms) = postSolution
		{8B05029E-18E2-4381-B330-B49A2CD30C66}.Debug|Any CPU.ActiveCfg = Debug|Any CPU
		{8B05029E-18E2-4381-B330-B49A2CD30C66}.Debug|Any CPU.Build.0 = Debug|Any CPU
		{8B05029E-18E2-4381-B330-B49A2CD30C66}.Release|Any CPU.ActiveCfg = Release|Any CPU
		{8B05029E-18E2-4381-B330-B49A2CD30C66}.Release|Any CPU.Build.0 = Release|Any CPU
	EndGlobalSection
	GlobalSection(SolutionProperties) = preSolution
		HideSolutionNode = FALSE
	EndGlobalSection
	GlobalSection(ExtensibilityGlobals) = postSolution
		SolutionGuid = {9EC71C0B-59EA-4FE8-86C7-CD6499F6612A}
	EndGlobalSection
EndGlobal
